{
  "requires": true,
  "lockfileVersion": 1,
  "dependencies": {
    "mini-antui": {
      "version": "0.4.19",
      "resolved": "https://registry.npmjs.org/mini-antui/-/mini-antui-0.4.19.tgz",
      "integrity": "sha512-z07Un2IUMM3pj5ikO1K8yD9eeNWjTqLEjQ6bYjyfARXV1xu4l11wJ0R8N9sbUfbtqxqt68OAUsYKx10qaeznWw=="
    }
  }
}
